{
  "requires": true,
  "lockfileVersion": 1,
  "dependencies": {
    "@sentry/browser": {
      "version": "6.1.0",
      "resolved": "https://registry.npmjs.org/@sentry/browser/-/browser-6.1.0.tgz",
      "integrity": "sha512-t3y2TLXDWgvfknyH8eKj/9mghJfSEqItFyp74zPu1Src6kOPjkd4Sa7o4+bdkNgA8dIIOrDAhRUbB2sq4sWMCA==",
      "requires": {
        "@sentry/core": "6.1.0",
        "@sentry/types": "6.1.0",
        "@sentry/utils": "6.1.0",
        "tslib": "^1.9.3"
      }
    },
    "@sentry/core": {
      "version": "6.1.0",
      "resolved": "https://registry.npmjs.org/@sentry/core/-/core-6.1.0.tgz",
      "integrity": "sha512-57mXkp3NoyxRycXrL+Ec6bYS6UYJZp9tYX0lUp5Ry2M0FxDZ3Q4drkjr8MIQOhBaQXP2ukSX4QTVLGMPm60zMw==",
      "requires": {
        "@sentry/hub": "6.1.0",
        "@sentry/minimal": "6.1.0",
        "@sentry/types": "6.1.0",
        "@sentry/utils": "6.1.0",
        "tslib": "^1.9.3"
      }
    },
    "@sentry/hub": {
      "version": "6.1.0",
      "resolved": "https://registry.npmjs.org/@sentry/hub/-/hub-6.1.0.tgz",
      "integrity": "sha512-JnBSCgNg3VHiMojUl5tCHU8iWPVuE+qqENIzG9A722oJms1kKWBvWl+yQzhWBNdgk5qeAY3F5UzKWJZkbJ6xow==",
      "requires": {
        "@sentry/types": "6.1.0",
        "@sentry/utils": "6.1.0",
        "tslib": "^1.9.3"
      }
    },
    "@sentry/minimal": {
      "version": "6.1.0",
      "resolved": "https://registry.npmjs.org/@sentry/minimal/-/minimal-6.1.0.tgz",
      "integrity": "sha512-g6sfNKenL7wnsr/tibp8nFiMv/XRH0s0Pt4p151npmNI+SmjuUz3GGYEXk8ChCyaKldYKilkNOFdVXJxUf5gZw==",
      "requires": {
        "@sentry/hub": "6.1.0",
        "@sentry/types": "6.1.0",
        "tslib": "^1.9.3"
      }
    },
    "@sentry/types": {
      "version": "6.1.0",
      "resolved": "https://registry.npmjs.org/@sentry/types/-/types-6.1.0.tgz",
      "integrity": "sha512-kIaN52Fw5K+2mKRaHE2YluJ+F/qMGSUzZXIFDNdC6OUMXQ4TM8gZTrITXs8CLDm7cK8iCqFCtzKOjKK6KyOKAg=="
    },
    "@sentry/utils": {
      "version": "6.1.0",
      "resolved": "https://registry.npmjs.org/@sentry/utils/-/utils-6.1.0.tgz",
      "integrity": "sha512-6JAplzUOS6bEwfX0PDRZBbYRvn9EN22kZfcL0qGHtM9L0QQ5ybjbbVwOpbXgRkiZx++dQbzLFtelxnDhsbFG+Q==",
      "requires": {
        "@sentry/types": "6.1.0",
        "tslib": "^1.9.3"
      }
    },
    "hoist-non-react-statics": {
      "version": "3.3.2",
      "resolved": "https://registry.npmjs.org/hoist-non-react-statics/-/hoist-non-react-statics-3.3.2.tgz",
      "integrity": "sha512-/gGivxi8JPKWNm/W0jSmzcMPpfpPLc3dY/6GxhX2hQ9iGj3aDfklV4ET7NjKpSinLpJ5vafa9iiGIEZg10SfBw==",
      "requires": {
        "react-is": "^16.7.0"
      }
    },
    "react-is": {
      "version": "16.13.1",
      "resolved": "https://registry.npmjs.org/react-is/-/react-is-16.13.1.tgz",
      "integrity": "sha512-24e6ynE2H+OKt4kqsOvNd8kBpV65zoxbA4BVsEOB3ARVWQki/DHzaUoC5KuON/BiccDaCCTZBuOcfZs70kR8bQ=="
    },
    "tslib": {
      "version": "1.14.1",
      "resolved": "https://registry.npmjs.org/tslib/-/tslib-1.14.1.tgz",
      "integrity": "sha512-Xni35NKzjgMrwevysHTCArtLDpPvye8zV/0E4EyYn43P7/7qvQwPh9BGkHewbMulVntbigmcT7rdX3BNo9wRJg=="
    }
  }
}
